
Microsoft Visual Studio Solution File, Format Version 12.00
# Visual Studio 15
VisualStudioVersion = 15.0.28307.489
MinimumVisualStudioVersion = 10.0.40219.1
Project("{FAE04EC0-301F-11D3-BF4B-00C04F79EFBC}") = "ExLinq", "ExLinq\ExLinq.csproj", "{50B3DCAD-6A92-40E4-A289-D03ADB178256}"
EndProject
Global
	GlobalSection(SolutionConfigurationPlatforms) = preSolution
		Debug|Any CPU = Debug|Any CPU
		Release|Any CPU = Release|Any CPU
	EndGlobalSection
	GlobalSection(ProjectConfigurationPlatforms) = postSolution
		{50B3DCAD-6A92-40E4-A289-D03ADB178256}.Debug|Any CPU.ActiveCfg = Debug|Any CPU
		{50B3DCAD-6A92-40E4-A289-D03ADB178256}.Debug|Any CPU.Build.0 = Debug|Any CPU
		{50B3DCAD-6A92-40E4-A289-D03ADB178256}.Release|Any CPU.ActiveCfg = Release|Any CPU
		{50B3DCAD-6A92-40E4-A289-D03ADB178256}.Release|Any CPU.Build.0 = Release|Any CPU
	EndGlobalSection
	GlobalSection(SolutionProperties) = preSolution
		HideSolutionNode = FALSE
	EndGlobalSection
	GlobalSection(ExtensibilityGlobals) = postSolution
		SolutionGuid = {47CF100F-7F88-42EE-A949-107D415EBF62}
	EndGlobalSection
EndGlobal
