
Microsoft Visual Studio Solution File, Format Version 12.00
# Visual Studio 15
VisualStudioVersion = 15.0.28307.421
MinimumVisualStudioVersion = 10.0.40219.1
Project("{FAE04EC0-301F-11D3-BF4B-00C04F79EFBC}") = "Conjuntos", "Conjuntos\Conjuntos.csproj", "{8BB5A4BF-3D7A-41EE-8AFD-06594B566376}"
EndProject
Global
	GlobalSection(SolutionConfigurationPlatforms) = preSolution
		Debug|Any CPU = Debug|Any CPU
		Release|Any CPU = Release|Any CPU
	EndGlobalSection
	GlobalSection(ProjectConfigurationPlatforms) = postSolution
		{8BB5A4BF-3D7A-41EE-8AFD-06594B566376}.Debug|Any CPU.ActiveCfg = Debug|Any CPU
		{8BB5A4BF-3D7A-41EE-8AFD-06594B566376}.Debug|Any CPU.Build.0 = Debug|Any CPU
		{8BB5A4BF-3D7A-41EE-8AFD-06594B566376}.Release|Any CPU.ActiveCfg = Release|Any CPU
		{8BB5A4BF-3D7A-41EE-8AFD-06594B566376}.Release|Any CPU.Build.0 = Release|Any CPU
	EndGlobalSection
	GlobalSection(SolutionProperties) = preSolution
		HideSolutionNode = FALSE
	EndGlobalSection
	GlobalSection(ExtensibilityGlobals) = postSolution
		SolutionGuid = {2FDF09FC-4276-4FC4-8C0B-0BFB13F4DD19}
	EndGlobalSection
EndGlobal
