
Microsoft Visual Studio Solution File, Format Version 12.00
# Visual Studio 15
VisualStudioVersion = 15.0.28307.421
MinimumVisualStudioVersion = 10.0.40219.1
Project("{FAE04EC0-301F-11D3-BF4B-00C04F79EFBC}") = "Curso", "Curso\Curso.csproj", "{3ABA673E-2963-46F2-AA16-44246C8368EA}"
EndProject
Global
	GlobalSection(SolutionConfigurationPlatforms) = preSolution
		Debug|Any CPU = Debug|Any CPU
		Release|Any CPU = Release|Any CPU
	EndGlobalSection
	GlobalSection(ProjectConfigurationPlatforms) = postSolution
		{3ABA673E-2963-46F2-AA16-44246C8368EA}.Debug|Any CPU.ActiveCfg = Debug|Any CPU
		{3ABA673E-2963-46F2-AA16-44246C8368EA}.Debug|Any CPU.Build.0 = Debug|Any CPU
		{3ABA673E-2963-46F2-AA16-44246C8368EA}.Release|Any CPU.ActiveCfg = Release|Any CPU
		{3ABA673E-2963-46F2-AA16-44246C8368EA}.Release|Any CPU.Build.0 = Release|Any CPU
	EndGlobalSection
	GlobalSection(SolutionProperties) = preSolution
		HideSolutionNode = FALSE
	EndGlobalSection
	GlobalSection(ExtensibilityGlobals) = postSolution
		SolutionGuid = {936DB41D-A1CA-4BE2-81EC-681659BB6CAB}
	EndGlobalSection
EndGlobal
